
Microsoft Visual Studio Solution File, Format Version 12.00
# Visual Studio 15
VisualStudioVersion = 15.0.26730.16
MinimumVisualStudioVersion = 10.0.40219.1
Project("{2150E333-8FDC-42A3-9474-1A3956D46DE8}") = "Solution Items", "Solution Items", "{D4ECEBF3-43F6-4894-AC40-0C48627054B5}"
	ProjectSection(SolutionItems) = preProject
		.dockerignore = .dockerignore
		.editorconfig = .editorconfig
		.gitignore = .gitignore
		after.Hawk.sln.targets = after.Hawk.sln.targets
		api.env = api.env
		app.json = app.json
		circle.yml = circle.yml
		code-analysis.ruleset = code-analysis.ruleset
		CONTRIBUTING.md = CONTRIBUTING.md
		Directory.Build.props = Directory.Build.props
		Directory.Build.targets = Directory.Build.targets
		docker-compose.yml = docker-compose.yml
		Dockerfile = Dockerfile
		LICENSE = LICENSE
		README.md = README.md
		run.sh = run.sh
		Settings.StyleCop = Settings.StyleCop
	EndProjectSection
EndProject
Project("{9A19103F-16F7-4668-BE54-9A1E7A4F7556}") = "Hawk", "src\Hawk\Hawk.csproj", "{F8A0EC67-2A97-4760-9FDA-E19ECA565772}"
EndProject
Project("{9A19103F-16F7-4668-BE54-9A1E7A4F7556}") = "Hawk.WebApi", "src\Hawk.WebApi\Hawk.WebApi.csproj", "{6CF3AA48-4AF4-4D4B-A470-17CA7D326F0F}"
EndProject
Project("{2150E333-8FDC-42A3-9474-1A3956D46DE8}") = "cakebuild", "cakebuild", "{1D15F9CF-6EEA-4EA9-9837-2A2D1355BAF9}"
	ProjectSection(SolutionItems) = preProject
		cakebuild\build.cake = cakebuild\build.cake
		cakebuild\build.ps1 = cakebuild\build.ps1
		cakebuild\build.sh = cakebuild\build.sh
	EndProjectSection
EndProject
Project("{2150E333-8FDC-42A3-9474-1A3956D46DE8}") = "tasks", "tasks", "{88F81594-D86D-4424-87F1-FA73CEC46051}"
	ProjectSection(SolutionItems) = preProject
		cakebuild\tasks\build.cake = cakebuild\tasks\build.cake
		cakebuild\tasks\clean.cake = cakebuild\tasks\clean.cake
		cakebuild\tasks\publish.cake = cakebuild\tasks\publish.cake
		cakebuild\tasks\restore.cake = cakebuild\tasks\restore.cake
		cakebuild\tasks\test.cake = cakebuild\tasks\test.cake
	EndProjectSection
EndProject
Global
	GlobalSection(SolutionConfigurationPlatforms) = preSolution
		Debug|Any CPU = Debug|Any CPU
		Release|Any CPU = Release|Any CPU
	EndGlobalSection
	GlobalSection(ProjectConfigurationPlatforms) = postSolution
		{F8A0EC67-2A97-4760-9FDA-E19ECA565772}.Debug|Any CPU.ActiveCfg = Debug|Any CPU
		{F8A0EC67-2A97-4760-9FDA-E19ECA565772}.Debug|Any CPU.Build.0 = Debug|Any CPU
		{F8A0EC67-2A97-4760-9FDA-E19ECA565772}.Release|Any CPU.ActiveCfg = Release|Any CPU
		{F8A0EC67-2A97-4760-9FDA-E19ECA565772}.Release|Any CPU.Build.0 = Release|Any CPU
		{6CF3AA48-4AF4-4D4B-A470-17CA7D326F0F}.Debug|Any CPU.ActiveCfg = Debug|Any CPU
		{6CF3AA48-4AF4-4D4B-A470-17CA7D326F0F}.Debug|Any CPU.Build.0 = Debug|Any CPU
		{6CF3AA48-4AF4-4D4B-A470-17CA7D326F0F}.Release|Any CPU.ActiveCfg = Release|Any CPU
		{6CF3AA48-4AF4-4D4B-A470-17CA7D326F0F}.Release|Any CPU.Build.0 = Release|Any CPU
	EndGlobalSection
	GlobalSection(SolutionProperties) = preSolution
		HideSolutionNode = FALSE
	EndGlobalSection
	GlobalSection(NestedProjects) = preSolution
		{88F81594-D86D-4424-87F1-FA73CEC46051} = {1D15F9CF-6EEA-4EA9-9837-2A2D1355BAF9}
	EndGlobalSection
	GlobalSection(ExtensibilityGlobals) = postSolution
		SolutionGuid = {7CB3FDF8-0DA7-4D1F-B674-0261172FE8F6}
	EndGlobalSection
EndGlobal
