
Microsoft Visual Studio Solution File, Format Version 12.00
# Visual Studio Version 16
VisualStudioVersion = 16.0.29509.3
MinimumVisualStudioVersion = 10.0.40219.1
Project("{2150E333-8FDC-42A3-9474-1A3956D46DE8}") = "Solution Items", "Solution Items", "{D4ECEBF3-43F6-4894-AC40-0C48627054B5}"
	ProjectSection(SolutionItems) = preProject
		.dockerignore = .dockerignore
		.editorconfig = .editorconfig
		.gitattributes = .gitattributes
		.gitignore = .gitignore
		after.Hawk.sln.targets = after.Hawk.sln.targets
		api.env = api.env
		app.json = app.json
		build.cake = build.cake
		build.ps1 = build.ps1
		build.sh = build.sh
		cake.config = cake.config
		CHANGELOG.md = CHANGELOG.md
		code-analysis.ruleset = code-analysis.ruleset
		commitlint.config.js = commitlint.config.js
		CONTRIBUTING.md = CONTRIBUTING.md
		Directory.Build.props = Directory.Build.props
		Directory.Build.targets = Directory.Build.targets
		docker-compose-integration.yml = docker-compose-integration.yml
		docker-compose.yml = docker-compose.yml
		Dockerfile = Dockerfile
		Dockerfile.integration = Dockerfile.integration
		LICENSE.txt = LICENSE.txt
		NuGet.config = NuGet.config
		package.json = package.json
		README.md = README.md
		run.sh = run.sh
	EndProjectSection
EndProject
Project("{9A19103F-16F7-4668-BE54-9A1E7A4F7556}") = "Hawk", "src\Hawk\Hawk.csproj", "{F8A0EC67-2A97-4760-9FDA-E19ECA565772}"
EndProject
Project("{9A19103F-16F7-4668-BE54-9A1E7A4F7556}") = "Hawk.WebApi", "src\Hawk.WebApi\Hawk.WebApi.csproj", "{6CF3AA48-4AF4-4D4B-A470-17CA7D326F0F}"
EndProject
Project("{2150E333-8FDC-42A3-9474-1A3956D46DE8}") = "build", "build", "{1D15F9CF-6EEA-4EA9-9837-2A2D1355BAF9}"
	ProjectSection(SolutionItems) = preProject
		build\authenticate-dockerhub.cake = build\authenticate-dockerhub.cake
		build\build-dockerfile.cake = build\build-dockerfile.cake
		build\build-solution.cake = build\build-solution.cake
		build\data.cake = build\data.cake
		build\delete-temp-directories.cake = build\delete-temp-directories.cake
		build\helpers.cake = build\helpers.cake
		build\publish-webapi.cake = build\publish-webapi.cake
		build\push-docker-image.cake = build\push-docker-image.cake
		build\restore-nuget-packages.cake = build\restore-nuget-packages.cake
		build\run-docker-tag.cake = build\run-docker-tag.cake
		build\run-tests.cake = build\run-tests.cake
		build\setup-tests.cake = build\setup-tests.cake
		build\up-dependencies.cake = build\up-dependencies.cake
	EndProjectSection
EndProject
Project("{2150E333-8FDC-42A3-9474-1A3956D46DE8}") = "test", "test", "{5447E1CB-522F-482B-80B8-8694A6DF3B24}"
EndProject
Project("{2150E333-8FDC-42A3-9474-1A3956D46DE8}") = "tools", "tools", "{D4D24371-4A9D-4A8A-96C7-2B2E9F24F3E7}"
	ProjectSection(SolutionItems) = preProject
		tools\packages.config = tools\packages.config
	EndProjectSection
EndProject
Project("{2150E333-8FDC-42A3-9474-1A3956D46DE8}") = "src", "src", "{48867782-9828-4C00-93D7-9AA2F6908358}"
EndProject
Project("{2150E333-8FDC-42A3-9474-1A3956D46DE8}") = "docs", "docs", "{057A0073-536B-4619-ACA6-76D3D2DFB0B3}"
EndProject
Project("{2150E333-8FDC-42A3-9474-1A3956D46DE8}") = "images", "images", "{B38F080A-96CF-4995-99CA-A990A74067F5}"
	ProjectSection(SolutionItems) = preProject
		docs\images\hawk_anime.png = docs\images\hawk_anime.png
	EndProjectSection
EndProject
Project("{2150E333-8FDC-42A3-9474-1A3956D46DE8}") = "monitor", "monitor", "{9B95FA03-E0A0-4038-9572-538F4F549DF6}"
EndProject
Project("{2150E333-8FDC-42A3-9474-1A3956D46DE8}") = "prometheus", "prometheus", "{849EFE53-2118-4A9C-8630-FE753636EB14}"
	ProjectSection(SolutionItems) = preProject
		compose\monitor\prometheus\prometheus.yml = compose\monitor\prometheus\prometheus.yml
	EndProjectSection
EndProject
Project("{2150E333-8FDC-42A3-9474-1A3956D46DE8}") = "grafana", "grafana", "{62659545-9EFB-4671-AB92-A190433FB5AF}"
	ProjectSection(SolutionItems) = preProject
		compose\monitor\grafana\grafana.env = compose\monitor\grafana\grafana.env
		compose\monitor\grafana\grafana.ini = compose\monitor\grafana\grafana.ini
	EndProjectSection
EndProject
Project("{2150E333-8FDC-42A3-9474-1A3956D46DE8}") = "dashboards", "dashboards", "{1645DB45-28BE-4F07-9453-624FB3CE7C48}"
	ProjectSection(SolutionItems) = preProject
		compose\monitor\grafana\dashboards\app-metrics-web-monitoring-prometheus_rev3.json = compose\monitor\grafana\dashboards\app-metrics-web-monitoring-prometheus_rev3.json
		compose\monitor\grafana\dashboards\kong-official_rev5.json = compose\monitor\grafana\dashboards\kong-official_rev5.json
		compose\monitor\grafana\dashboards\kong-official_rev6.json = compose\monitor\grafana\dashboards\kong-official_rev6.json
	EndProjectSection
EndProject
Project("{2150E333-8FDC-42A3-9474-1A3956D46DE8}") = "provisioning", "provisioning", "{03D638FA-FF6D-40A1-9FD4-CF5581AB110A}"
EndProject
Project("{2150E333-8FDC-42A3-9474-1A3956D46DE8}") = "dashboards", "dashboards", "{B02F0437-10FF-4EC7-AB99-0F1941616D80}"
	ProjectSection(SolutionItems) = preProject
		compose\monitor\grafana\provisioning\dashboards\all.yml = compose\monitor\grafana\provisioning\dashboards\all.yml
	EndProjectSection
EndProject
Project("{2150E333-8FDC-42A3-9474-1A3956D46DE8}") = "datasources", "datasources", "{D6234D4E-A68B-4D5C-81E5-5C1494A0F3B3}"
	ProjectSection(SolutionItems) = preProject
		compose\monitor\grafana\provisioning\datasources\all.yml = compose\monitor\grafana\provisioning\datasources\all.yml
	EndProjectSection
EndProject
Project("{2150E333-8FDC-42A3-9474-1A3956D46DE8}") = "integration", "integration", "{948C89B0-82B6-4FD2-A847-62220E38F9A0}"
EndProject
Project("{9A19103F-16F7-4668-BE54-9A1E7A4F7556}") = "Hawk.WebApi.IntegrationTest", "test\integration\Hawk.WebApi.IntegrationTest\Hawk.WebApi.IntegrationTest.csproj", "{A33FFD7B-B7F5-4C8B-9D9C-CB28080CCDEA}"
EndProject
Project("{2150E333-8FDC-42A3-9474-1A3956D46DE8}") = ".config", ".config", "{158C19BF-F190-4AA5-945D-A1327074C3DA}"
	ProjectSection(SolutionItems) = preProject
		.config\dotnet-tools.json = .config\dotnet-tools.json
	EndProjectSection
EndProject
Project("{2150E333-8FDC-42A3-9474-1A3956D46DE8}") = "unit", "unit", "{3817E1E5-C6E2-4879-AEB9-2A1906B7A02F}"
EndProject
Project("{9A19103F-16F7-4668-BE54-9A1E7A4F7556}") = "Hawk.Test", "test\unit\Hawk.Test\Hawk.Test.csproj", "{4D213E49-9D73-4319-B737-B2EEAB432B22}"
EndProject
Project("{2150E333-8FDC-42A3-9474-1A3956D46DE8}") = "elasticsearch", "elasticsearch", "{480FA96C-1C96-44A1-9E40-7E070AF163AB}"
EndProject
Project("{2150E333-8FDC-42A3-9474-1A3956D46DE8}") = "config", "config", "{3668A27B-F444-4DCD-8577-4B318D19A414}"
	ProjectSection(SolutionItems) = preProject
		compose\monitor\elasticsearch\config\elasticsearch.yml = compose\monitor\elasticsearch\config\elasticsearch.yml
		compose\monitor\elasticsearch\config\log4j2.properties = compose\monitor\elasticsearch\config\log4j2.properties
	EndProjectSection
EndProject
Project("{2150E333-8FDC-42A3-9474-1A3956D46DE8}") = "filebeat", "filebeat", "{9A9B9046-4AB9-42BA-8EB8-58EE79A4205E}"
EndProject
Project("{2150E333-8FDC-42A3-9474-1A3956D46DE8}") = "config", "config", "{B7D8BE87-398C-425D-97A8-E3A06C5C8D8A}"
	ProjectSection(SolutionItems) = preProject
		compose\monitor\filebeat\config\filebeat.yml = compose\monitor\filebeat\config\filebeat.yml
	EndProjectSection
EndProject
Project("{2150E333-8FDC-42A3-9474-1A3956D46DE8}") = "kibana", "kibana", "{3C8AEBB2-86BD-42B0-B140-207608BCF75F}"
EndProject
Project("{2150E333-8FDC-42A3-9474-1A3956D46DE8}") = "config", "config", "{93E1EAA1-B9A3-41D0-B17F-D6FE32D1175D}"
	ProjectSection(SolutionItems) = preProject
		compose\monitor\kibana\config\kibana.yml = compose\monitor\kibana\config\kibana.yml
	EndProjectSection
EndProject
Project("{2150E333-8FDC-42A3-9474-1A3956D46DE8}") = "database", "database", "{F009802B-85E1-4565-98D1-3A3F7E76B400}"
EndProject
Project("{2150E333-8FDC-42A3-9474-1A3956D46DE8}") = "neo4j", "neo4j", "{763D9EE8-C20D-4563-9E21-801BA38F8173}"
	ProjectSection(SolutionItems) = preProject
		compose\database\neo4j\neo4j.env = compose\database\neo4j\neo4j.env
	EndProjectSection
EndProject
Project("{2150E333-8FDC-42A3-9474-1A3956D46DE8}") = "conf", "conf", "{7F9F9325-E951-4B3C-9E9E-88FBCEA79AE3}"
	ProjectSection(SolutionItems) = preProject
		compose\database\neo4j\conf\neo4j.conf = compose\database\neo4j\conf\neo4j.conf
	EndProjectSection
EndProject
Project("{2150E333-8FDC-42A3-9474-1A3956D46DE8}") = "logstash", "logstash", "{316572DD-34C2-4998-BEF9-C0C59C76EABE}"
EndProject
Project("{2150E333-8FDC-42A3-9474-1A3956D46DE8}") = "config", "config", "{404BE1C9-B5B2-4CF5-98E3-372340E20EB6}"
	ProjectSection(SolutionItems) = preProject
		compose\monitor\logstash\config\logstash.yml = compose\monitor\logstash\config\logstash.yml
	EndProjectSection
EndProject
Project("{2150E333-8FDC-42A3-9474-1A3956D46DE8}") = "pipeline", "pipeline", "{E5C0A1CB-6F46-4881-BEA6-6C8FE2599B97}"
	ProjectSection(SolutionItems) = preProject
		compose\monitor\logstash\pipeline\logstash.conf = compose\monitor\logstash\pipeline\logstash.conf
	EndProjectSection
EndProject
Project("{2150E333-8FDC-42A3-9474-1A3956D46DE8}") = "api-gateway", "api-gateway", "{A05A64E8-3FA1-427F-B2EF-34A4A2A623AA}"
	ProjectSection(SolutionItems) = preProject
		compose\api-gateway\kong.env = compose\api-gateway\kong.env
	EndProjectSection
EndProject
Project("{2150E333-8FDC-42A3-9474-1A3956D46DE8}") = "declarative", "declarative", "{5BF1B5B7-04B1-4F6D-A8A0-84653E8FAE93}"
	ProjectSection(SolutionItems) = preProject
		compose\api-gateway\declarative\kong.yml = compose\api-gateway\declarative\kong.yml
	EndProjectSection
EndProject
Project("{2150E333-8FDC-42A3-9474-1A3956D46DE8}") = "compose", "compose", "{FFA95A70-A9F5-47FB-8E6E-BF407D23D63E}"
EndProject
Project("{2150E333-8FDC-42A3-9474-1A3956D46DE8}") = "process", "process", "{B5598B4F-CD3C-4A63-B213-4AFA581CC9FA}"
	ProjectSection(SolutionItems) = preProject
		docs\process\create configuration by transaction id.cypher = docs\process\create configuration by transaction id.cypher
		docs\process\get transaction id by tag.cypher = docs\process\get transaction id by tag.cypher
	EndProjectSection
EndProject
Global
	GlobalSection(SolutionConfigurationPlatforms) = preSolution
		Debug|Any CPU = Debug|Any CPU
		Release|Any CPU = Release|Any CPU
	EndGlobalSection
	GlobalSection(ProjectConfigurationPlatforms) = postSolution
		{F8A0EC67-2A97-4760-9FDA-E19ECA565772}.Debug|Any CPU.ActiveCfg = Debug|Any CPU
		{F8A0EC67-2A97-4760-9FDA-E19ECA565772}.Debug|Any CPU.Build.0 = Debug|Any CPU
		{F8A0EC67-2A97-4760-9FDA-E19ECA565772}.Release|Any CPU.ActiveCfg = Release|Any CPU
		{F8A0EC67-2A97-4760-9FDA-E19ECA565772}.Release|Any CPU.Build.0 = Release|Any CPU
		{6CF3AA48-4AF4-4D4B-A470-17CA7D326F0F}.Debug|Any CPU.ActiveCfg = Debug|Any CPU
		{6CF3AA48-4AF4-4D4B-A470-17CA7D326F0F}.Debug|Any CPU.Build.0 = Debug|Any CPU
		{6CF3AA48-4AF4-4D4B-A470-17CA7D326F0F}.Release|Any CPU.ActiveCfg = Release|Any CPU
		{6CF3AA48-4AF4-4D4B-A470-17CA7D326F0F}.Release|Any CPU.Build.0 = Release|Any CPU
		{A33FFD7B-B7F5-4C8B-9D9C-CB28080CCDEA}.Debug|Any CPU.ActiveCfg = Debug|Any CPU
		{A33FFD7B-B7F5-4C8B-9D9C-CB28080CCDEA}.Debug|Any CPU.Build.0 = Debug|Any CPU
		{A33FFD7B-B7F5-4C8B-9D9C-CB28080CCDEA}.Release|Any CPU.ActiveCfg = Release|Any CPU
		{A33FFD7B-B7F5-4C8B-9D9C-CB28080CCDEA}.Release|Any CPU.Build.0 = Release|Any CPU
		{4D213E49-9D73-4319-B737-B2EEAB432B22}.Debug|Any CPU.ActiveCfg = Debug|Any CPU
		{4D213E49-9D73-4319-B737-B2EEAB432B22}.Debug|Any CPU.Build.0 = Debug|Any CPU
		{4D213E49-9D73-4319-B737-B2EEAB432B22}.Release|Any CPU.ActiveCfg = Release|Any CPU
		{4D213E49-9D73-4319-B737-B2EEAB432B22}.Release|Any CPU.Build.0 = Release|Any CPU
	EndGlobalSection
	GlobalSection(SolutionProperties) = preSolution
		HideSolutionNode = FALSE
	EndGlobalSection
	GlobalSection(NestedProjects) = preSolution
		{F8A0EC67-2A97-4760-9FDA-E19ECA565772} = {48867782-9828-4C00-93D7-9AA2F6908358}
		{6CF3AA48-4AF4-4D4B-A470-17CA7D326F0F} = {48867782-9828-4C00-93D7-9AA2F6908358}
		{B38F080A-96CF-4995-99CA-A990A74067F5} = {057A0073-536B-4619-ACA6-76D3D2DFB0B3}
		{9B95FA03-E0A0-4038-9572-538F4F549DF6} = {FFA95A70-A9F5-47FB-8E6E-BF407D23D63E}
		{849EFE53-2118-4A9C-8630-FE753636EB14} = {9B95FA03-E0A0-4038-9572-538F4F549DF6}
		{62659545-9EFB-4671-AB92-A190433FB5AF} = {9B95FA03-E0A0-4038-9572-538F4F549DF6}
		{1645DB45-28BE-4F07-9453-624FB3CE7C48} = {62659545-9EFB-4671-AB92-A190433FB5AF}
		{03D638FA-FF6D-40A1-9FD4-CF5581AB110A} = {62659545-9EFB-4671-AB92-A190433FB5AF}
		{B02F0437-10FF-4EC7-AB99-0F1941616D80} = {03D638FA-FF6D-40A1-9FD4-CF5581AB110A}
		{D6234D4E-A68B-4D5C-81E5-5C1494A0F3B3} = {03D638FA-FF6D-40A1-9FD4-CF5581AB110A}
		{948C89B0-82B6-4FD2-A847-62220E38F9A0} = {5447E1CB-522F-482B-80B8-8694A6DF3B24}
		{A33FFD7B-B7F5-4C8B-9D9C-CB28080CCDEA} = {948C89B0-82B6-4FD2-A847-62220E38F9A0}
		{3817E1E5-C6E2-4879-AEB9-2A1906B7A02F} = {5447E1CB-522F-482B-80B8-8694A6DF3B24}
		{4D213E49-9D73-4319-B737-B2EEAB432B22} = {3817E1E5-C6E2-4879-AEB9-2A1906B7A02F}
		{480FA96C-1C96-44A1-9E40-7E070AF163AB} = {9B95FA03-E0A0-4038-9572-538F4F549DF6}
		{3668A27B-F444-4DCD-8577-4B318D19A414} = {480FA96C-1C96-44A1-9E40-7E070AF163AB}
		{9A9B9046-4AB9-42BA-8EB8-58EE79A4205E} = {9B95FA03-E0A0-4038-9572-538F4F549DF6}
		{B7D8BE87-398C-425D-97A8-E3A06C5C8D8A} = {9A9B9046-4AB9-42BA-8EB8-58EE79A4205E}
		{3C8AEBB2-86BD-42B0-B140-207608BCF75F} = {9B95FA03-E0A0-4038-9572-538F4F549DF6}
		{93E1EAA1-B9A3-41D0-B17F-D6FE32D1175D} = {3C8AEBB2-86BD-42B0-B140-207608BCF75F}
		{F009802B-85E1-4565-98D1-3A3F7E76B400} = {FFA95A70-A9F5-47FB-8E6E-BF407D23D63E}
		{763D9EE8-C20D-4563-9E21-801BA38F8173} = {F009802B-85E1-4565-98D1-3A3F7E76B400}
		{7F9F9325-E951-4B3C-9E9E-88FBCEA79AE3} = {763D9EE8-C20D-4563-9E21-801BA38F8173}
		{316572DD-34C2-4998-BEF9-C0C59C76EABE} = {9B95FA03-E0A0-4038-9572-538F4F549DF6}
		{404BE1C9-B5B2-4CF5-98E3-372340E20EB6} = {316572DD-34C2-4998-BEF9-C0C59C76EABE}
		{E5C0A1CB-6F46-4881-BEA6-6C8FE2599B97} = {316572DD-34C2-4998-BEF9-C0C59C76EABE}
		{A05A64E8-3FA1-427F-B2EF-34A4A2A623AA} = {FFA95A70-A9F5-47FB-8E6E-BF407D23D63E}
		{5BF1B5B7-04B1-4F6D-A8A0-84653E8FAE93} = {A05A64E8-3FA1-427F-B2EF-34A4A2A623AA}
		{B5598B4F-CD3C-4A63-B213-4AFA581CC9FA} = {057A0073-536B-4619-ACA6-76D3D2DFB0B3}
	EndGlobalSection
	GlobalSection(ExtensibilityGlobals) = postSolution
		SolutionGuid = {7CB3FDF8-0DA7-4D1F-B674-0261172FE8F6}
	EndGlobalSection
EndGlobal
